<?xml version="1.0" encoding="utf-8"?>
<Project ToolsVersion="4.0" xmlns="http://schemas.microsoft.com/developer/msbuild/2003">
  <ItemGroup>
    <Filter Include="Slurp">
      <UniqueIdentifier>{BB2B1A0E-2740-42BF-F0C1-E51E5C953EF0}</UniqueIdentifier>
    </Filter>
  </ItemGroup>
  <ItemGroup>
    <ClInclude Include="src\Slurp.h" />
    <ClInclude Include="src\Slurp\Application.h">
      <Filter>Slurp</Filter>
    </ClInclude>
    <ClInclude Include="src\Slurp\Core.h">
      <Filter>Slurp</Filter>
    </ClInclude>
    <ClInclude Include="src\Slurp\EntryPoint.h">
      <Filter>Slurp</Filter>
    </ClInclude>
    <ClInclude Include="src\Slurp\Log.h">
      <Filter>Slurp</Filter>
    </ClInclude>
  </ItemGroup>
  <ItemGroup>
    <ClCompile Include="src\Slurp\Application.cpp">
      <Filter>Slurp</Filter>
    </ClCompile>
    <ClCompile Include="src\Slurp\Log.cpp">
      <Filter>Slurp</Filter>
    </ClCompile>
  </ItemGroup>
</Project>